
Microsoft Visual Studio Solution File, Format Version 12.00
# Visual Studio Version 17
VisualStudioVersion = 17.4.33213.308
MinimumVisualStudioVersion = 10.0.40219.1
Project("{FAE04EC0-301F-11D3-BF4B-00C04F79EFBC}") = "EnumTraining", "EnumTraining\EnumTraining.csproj", "{7D243F24-0CFC-4988-B463-978053A443B3}"
EndProject
Global
	GlobalSection(SolutionConfigurationPlatforms) = preSolution
		Debug|Any CPU = Debug|Any CPU
		Release|Any CPU = Release|Any CPU
	EndGlobalSection
	GlobalSection(ProjectConfigurationPlatforms) = postSolution
		{7D243F24-0CFC-4988-B463-978053A443B3}.Debug|Any CPU.ActiveCfg = Debug|Any CPU
		{7D243F24-0CFC-4988-B463-978053A443B3}.Debug|Any CPU.Build.0 = Debug|Any CPU
		{7D243F24-0CFC-4988-B463-978053A443B3}.Release|Any CPU.ActiveCfg = Release|Any CPU
		{7D243F24-0CFC-4988-B463-978053A443B3}.Release|Any CPU.Build.0 = Release|Any CPU
	EndGlobalSection
	GlobalSection(SolutionProperties) = preSolution
		HideSolutionNode = FALSE
	EndGlobalSection
	GlobalSection(ExtensibilityGlobals) = postSolution
		SolutionGuid = {ADBFB410-5A40-4B2B-90F0-3A789C780D3D}
	EndGlobalSection
EndGlobal
