
Microsoft Visual Studio Solution File, Format Version 12.00
# Visual Studio Version 17
VisualStudioVersion = 17.4.33213.308
MinimumVisualStudioVersion = 10.0.40219.1
Project("{FAE04EC0-301F-11D3-BF4B-00C04F79EFBC}") = "StorageLogIn", "StorageLogIn\StorageLogIn.csproj", "{AC41AF2F-D0C9-4E5C-8F4E-2FCC7107934C}"
EndProject
Global
	GlobalSection(SolutionConfigurationPlatforms) = preSolution
		Debug|Any CPU = Debug|Any CPU
		Release|Any CPU = Release|Any CPU
	EndGlobalSection
	GlobalSection(ProjectConfigurationPlatforms) = postSolution
		{AC41AF2F-D0C9-4E5C-8F4E-2FCC7107934C}.Debug|Any CPU.ActiveCfg = Debug|Any CPU
		{AC41AF2F-D0C9-4E5C-8F4E-2FCC7107934C}.Debug|Any CPU.Build.0 = Debug|Any CPU
		{AC41AF2F-D0C9-4E5C-8F4E-2FCC7107934C}.Release|Any CPU.ActiveCfg = Release|Any CPU
		{AC41AF2F-D0C9-4E5C-8F4E-2FCC7107934C}.Release|Any CPU.Build.0 = Release|Any CPU
	EndGlobalSection
	GlobalSection(SolutionProperties) = preSolution
		HideSolutionNode = FALSE
	EndGlobalSection
	GlobalSection(ExtensibilityGlobals) = postSolution
		SolutionGuid = {4675B3AC-16F6-4237-96BE-1DBAE6D0FF44}
	EndGlobalSection
EndGlobal
