
Microsoft Visual Studio Solution File, Format Version 12.00
# Visual Studio Version 17
VisualStudioVersion = 17.4.33213.308
MinimumVisualStudioVersion = 10.0.40219.1
Project("{FAE04EC0-301F-11D3-BF4B-00C04F79EFBC}") = "TaskStar", "TaskStar\TaskStar.csproj", "{88FC638B-71B8-4434-949C-84C9E24ECB6F}"
EndProject
Global
	GlobalSection(SolutionConfigurationPlatforms) = preSolution
		Debug|Any CPU = Debug|Any CPU
		Release|Any CPU = Release|Any CPU
	EndGlobalSection
	GlobalSection(ProjectConfigurationPlatforms) = postSolution
		{88FC638B-71B8-4434-949C-84C9E24ECB6F}.Debug|Any CPU.ActiveCfg = Debug|Any CPU
		{88FC638B-71B8-4434-949C-84C9E24ECB6F}.Debug|Any CPU.Build.0 = Debug|Any CPU
		{88FC638B-71B8-4434-949C-84C9E24ECB6F}.Release|Any CPU.ActiveCfg = Release|Any CPU
		{88FC638B-71B8-4434-949C-84C9E24ECB6F}.Release|Any CPU.Build.0 = Release|Any CPU
	EndGlobalSection
	GlobalSection(SolutionProperties) = preSolution
		HideSolutionNode = FALSE
	EndGlobalSection
	GlobalSection(ExtensibilityGlobals) = postSolution
		SolutionGuid = {946ADB3E-34A5-4A0C-B698-D44BA73215A6}
	EndGlobalSection
EndGlobal
