
Microsoft Visual Studio Solution File, Format Version 12.00
# Visual Studio Version 17
VisualStudioVersion = 17.4.33213.308
MinimumVisualStudioVersion = 10.0.40219.1
Project("{FAE04EC0-301F-11D3-BF4B-00C04F79EFBC}") = "WebHtmlLogIn", "WebHtmlLogIn\WebHtmlLogIn.csproj", "{769A918E-B560-4851-9934-1AEF155FA33A}"
EndProject
Global
	GlobalSection(SolutionConfigurationPlatforms) = preSolution
		Debug|Any CPU = Debug|Any CPU
		Release|Any CPU = Release|Any CPU
	EndGlobalSection
	GlobalSection(ProjectConfigurationPlatforms) = postSolution
		{769A918E-B560-4851-9934-1AEF155FA33A}.Debug|Any CPU.ActiveCfg = Debug|Any CPU
		{769A918E-B560-4851-9934-1AEF155FA33A}.Debug|Any CPU.Build.0 = Debug|Any CPU
		{769A918E-B560-4851-9934-1AEF155FA33A}.Release|Any CPU.ActiveCfg = Release|Any CPU
		{769A918E-B560-4851-9934-1AEF155FA33A}.Release|Any CPU.Build.0 = Release|Any CPU
	EndGlobalSection
	GlobalSection(SolutionProperties) = preSolution
		HideSolutionNode = FALSE
	EndGlobalSection
	GlobalSection(ExtensibilityGlobals) = postSolution
		SolutionGuid = {05646E39-6721-44D6-BD57-33E25C9E9948}
	EndGlobalSection
EndGlobal
